
Microsoft Visual Studio Solution File, Format Version 12.00
# Visual Studio 15
VisualStudioVersion = 15.0.26730.8
MinimumVisualStudioVersion = 10.0.40219.1
Project("{FAE04EC0-301F-11D3-BF4B-00C04F79EFBC}") = "Daemon", "Daemon\Daemon.csproj", "{8A54028C-A19B-49E2-AE8A-98D4010F8370}"
EndProject
Project("{FAE04EC0-301F-11D3-BF4B-00C04F79EFBC}") = "Shared", "..\Shared\Shared\Shared.csproj", "{F627124E-E950-4A06-BA35-BADE392C1074}"
EndProject
Project("{FAE04EC0-301F-11D3-BF4B-00C04F79EFBC}") = "DaemonShared", "DaemonShared\DaemonShared.csproj", "{A7395351-38C7-44AB-86EF-0EE95D319CFC}"
EndProject
Project("{FAE04EC0-301F-11D3-BF4B-00C04F79EFBC}") = "DaemonSettings", "..\DaemonSettings\DaemonSettings.csproj", "{35E2C16B-863C-4A69-B77A-326587D86777}"
EndProject
Project("{FAE04EC0-301F-11D3-BF4B-00C04F79EFBC}") = "SetupDialog", "SetupDialog\SetupDialog.csproj", "{B75B7B0D-0CF8-4E79-B1FD-6622F2FB17C0}"
EndProject
Project("{54435603-DBB4-11D2-8724-00A0C9A8B90C}") = "DaemonSetup", "DaemonSetup\DaemonSetup.vdproj", "{58D12A4B-B631-4B29-99B2-8C3AA66E1F51}"
EndProject
Global
	GlobalSection(SolutionConfigurationPlatforms) = preSolution
		Debug|Any CPU = Debug|Any CPU
		Debug|x86 = Debug|x86
		OOSDebug|Any CPU = OOSDebug|Any CPU
		OOSDebug|x86 = OOSDebug|x86
		Release|Any CPU = Release|Any CPU
		Release|x86 = Release|x86
	EndGlobalSection
	GlobalSection(ProjectConfigurationPlatforms) = postSolution
		{8A54028C-A19B-49E2-AE8A-98D4010F8370}.Debug|Any CPU.ActiveCfg = Debug|Any CPU
		{8A54028C-A19B-49E2-AE8A-98D4010F8370}.Debug|Any CPU.Build.0 = Debug|Any CPU
		{8A54028C-A19B-49E2-AE8A-98D4010F8370}.Debug|x86.ActiveCfg = Debug|Any CPU
		{8A54028C-A19B-49E2-AE8A-98D4010F8370}.Debug|x86.Build.0 = Debug|Any CPU
		{8A54028C-A19B-49E2-AE8A-98D4010F8370}.OOSDebug|Any CPU.ActiveCfg = OOSDebug|Any CPU
		{8A54028C-A19B-49E2-AE8A-98D4010F8370}.OOSDebug|Any CPU.Build.0 = OOSDebug|Any CPU
		{8A54028C-A19B-49E2-AE8A-98D4010F8370}.OOSDebug|x86.ActiveCfg = OOSDebug|Any CPU
		{8A54028C-A19B-49E2-AE8A-98D4010F8370}.OOSDebug|x86.Build.0 = OOSDebug|Any CPU
		{8A54028C-A19B-49E2-AE8A-98D4010F8370}.Release|Any CPU.ActiveCfg = Release|Any CPU
		{8A54028C-A19B-49E2-AE8A-98D4010F8370}.Release|Any CPU.Build.0 = Release|Any CPU
		{8A54028C-A19B-49E2-AE8A-98D4010F8370}.Release|x86.ActiveCfg = Release|Any CPU
		{8A54028C-A19B-49E2-AE8A-98D4010F8370}.Release|x86.Build.0 = Release|Any CPU
		{F627124E-E950-4A06-BA35-BADE392C1074}.Debug|Any CPU.ActiveCfg = Debug|Any CPU
		{F627124E-E950-4A06-BA35-BADE392C1074}.Debug|Any CPU.Build.0 = Debug|Any CPU
		{F627124E-E950-4A06-BA35-BADE392C1074}.Debug|x86.ActiveCfg = Debug|Any CPU
		{F627124E-E950-4A06-BA35-BADE392C1074}.Debug|x86.Build.0 = Debug|Any CPU
		{F627124E-E950-4A06-BA35-BADE392C1074}.OOSDebug|Any CPU.ActiveCfg = OOSDebug|Any CPU
		{F627124E-E950-4A06-BA35-BADE392C1074}.OOSDebug|Any CPU.Build.0 = OOSDebug|Any CPU
		{F627124E-E950-4A06-BA35-BADE392C1074}.OOSDebug|x86.ActiveCfg = OOSDebug|Any CPU
		{F627124E-E950-4A06-BA35-BADE392C1074}.OOSDebug|x86.Build.0 = OOSDebug|Any CPU
		{F627124E-E950-4A06-BA35-BADE392C1074}.Release|Any CPU.ActiveCfg = Release|Any CPU
		{F627124E-E950-4A06-BA35-BADE392C1074}.Release|Any CPU.Build.0 = Release|Any CPU
		{F627124E-E950-4A06-BA35-BADE392C1074}.Release|x86.ActiveCfg = Release|Any CPU
		{F627124E-E950-4A06-BA35-BADE392C1074}.Release|x86.Build.0 = Release|Any CPU
		{A7395351-38C7-44AB-86EF-0EE95D319CFC}.Debug|Any CPU.ActiveCfg = Debug|Any CPU
		{A7395351-38C7-44AB-86EF-0EE95D319CFC}.Debug|Any CPU.Build.0 = Debug|Any CPU
		{A7395351-38C7-44AB-86EF-0EE95D319CFC}.Debug|x86.ActiveCfg = Debug|Any CPU
		{A7395351-38C7-44AB-86EF-0EE95D319CFC}.Debug|x86.Build.0 = Debug|Any CPU
		{A7395351-38C7-44AB-86EF-0EE95D319CFC}.OOSDebug|Any CPU.ActiveCfg = OOSDebug|Any CPU
		{A7395351-38C7-44AB-86EF-0EE95D319CFC}.OOSDebug|Any CPU.Build.0 = OOSDebug|Any CPU
		{A7395351-38C7-44AB-86EF-0EE95D319CFC}.OOSDebug|x86.ActiveCfg = OOSDebug|Any CPU
		{A7395351-38C7-44AB-86EF-0EE95D319CFC}.OOSDebug|x86.Build.0 = OOSDebug|Any CPU
		{A7395351-38C7-44AB-86EF-0EE95D319CFC}.Release|Any CPU.ActiveCfg = Release|Any CPU
		{A7395351-38C7-44AB-86EF-0EE95D319CFC}.Release|Any CPU.Build.0 = Release|Any CPU
		{A7395351-38C7-44AB-86EF-0EE95D319CFC}.Release|x86.ActiveCfg = Release|Any CPU
		{A7395351-38C7-44AB-86EF-0EE95D319CFC}.Release|x86.Build.0 = Release|Any CPU
		{35E2C16B-863C-4A69-B77A-326587D86777}.Debug|Any CPU.ActiveCfg = Debug|x86
		{35E2C16B-863C-4A69-B77A-326587D86777}.Debug|Any CPU.Build.0 = Debug|x86
		{35E2C16B-863C-4A69-B77A-326587D86777}.Debug|x86.ActiveCfg = Debug|x86
		{35E2C16B-863C-4A69-B77A-326587D86777}.Debug|x86.Build.0 = Debug|x86
		{35E2C16B-863C-4A69-B77A-326587D86777}.OOSDebug|Any CPU.ActiveCfg = Release|x86
		{35E2C16B-863C-4A69-B77A-326587D86777}.OOSDebug|Any CPU.Build.0 = Release|x86
		{35E2C16B-863C-4A69-B77A-326587D86777}.OOSDebug|x86.ActiveCfg = Debug|x86
		{35E2C16B-863C-4A69-B77A-326587D86777}.OOSDebug|x86.Build.0 = Debug|x86
		{35E2C16B-863C-4A69-B77A-326587D86777}.Release|Any CPU.ActiveCfg = Release|x86
		{35E2C16B-863C-4A69-B77A-326587D86777}.Release|Any CPU.Build.0 = Release|x86
		{35E2C16B-863C-4A69-B77A-326587D86777}.Release|x86.ActiveCfg = Release|x86
		{35E2C16B-863C-4A69-B77A-326587D86777}.Release|x86.Build.0 = Release|x86
		{B75B7B0D-0CF8-4E79-B1FD-6622F2FB17C0}.Debug|Any CPU.ActiveCfg = Debug|Any CPU
		{B75B7B0D-0CF8-4E79-B1FD-6622F2FB17C0}.Debug|Any CPU.Build.0 = Debug|Any CPU
		{B75B7B0D-0CF8-4E79-B1FD-6622F2FB17C0}.Debug|x86.ActiveCfg = Debug|Any CPU
		{B75B7B0D-0CF8-4E79-B1FD-6622F2FB17C0}.Debug|x86.Build.0 = Debug|Any CPU
		{B75B7B0D-0CF8-4E79-B1FD-6622F2FB17C0}.OOSDebug|Any CPU.ActiveCfg = Debug|Any CPU
		{B75B7B0D-0CF8-4E79-B1FD-6622F2FB17C0}.OOSDebug|Any CPU.Build.0 = Debug|Any CPU
		{B75B7B0D-0CF8-4E79-B1FD-6622F2FB17C0}.OOSDebug|x86.ActiveCfg = Debug|Any CPU
		{B75B7B0D-0CF8-4E79-B1FD-6622F2FB17C0}.OOSDebug|x86.Build.0 = Debug|Any CPU
		{B75B7B0D-0CF8-4E79-B1FD-6622F2FB17C0}.Release|Any CPU.ActiveCfg = Release|Any CPU
		{B75B7B0D-0CF8-4E79-B1FD-6622F2FB17C0}.Release|Any CPU.Build.0 = Release|Any CPU
		{B75B7B0D-0CF8-4E79-B1FD-6622F2FB17C0}.Release|x86.ActiveCfg = Release|Any CPU
		{B75B7B0D-0CF8-4E79-B1FD-6622F2FB17C0}.Release|x86.Build.0 = Release|Any CPU
		{58D12A4B-B631-4B29-99B2-8C3AA66E1F51}.Debug|Any CPU.ActiveCfg = Debug
		{58D12A4B-B631-4B29-99B2-8C3AA66E1F51}.Debug|x86.ActiveCfg = Debug
		{58D12A4B-B631-4B29-99B2-8C3AA66E1F51}.OOSDebug|Any CPU.ActiveCfg = Debug
		{58D12A4B-B631-4B29-99B2-8C3AA66E1F51}.OOSDebug|x86.ActiveCfg = Debug
		{58D12A4B-B631-4B29-99B2-8C3AA66E1F51}.Release|Any CPU.ActiveCfg = Release
		{58D12A4B-B631-4B29-99B2-8C3AA66E1F51}.Release|x86.ActiveCfg = Release
	EndGlobalSection
	GlobalSection(SolutionProperties) = preSolution
		HideSolutionNode = FALSE
	EndGlobalSection
	GlobalSection(ExtensibilityGlobals) = postSolution
		SolutionGuid = {0FD65E67-9490-4664-9069-AC291EC876C6}
	EndGlobalSection
EndGlobal
