
Microsoft Visual Studio Solution File, Format Version 12.00
# Visual Studio 15
VisualStudioVersion = 15.0.26730.8
MinimumVisualStudioVersion = 10.0.40219.1
Project("{FAE04EC0-301F-11D3-BF4B-00C04F79EFBC}") = "Daemon", "Daemon\Daemon.csproj", "{8A54028C-A19B-49E2-AE8A-98D4010F8370}"
EndProject
Project("{FAE04EC0-301F-11D3-BF4B-00C04F79EFBC}") = "Shared", "..\Shared\Shared\Shared.csproj", "{F627124E-E950-4A06-BA35-BADE392C1074}"
EndProject
Project("{FAE04EC0-301F-11D3-BF4B-00C04F79EFBC}") = "DaemonShared", "DaemonShared\DaemonShared.csproj", "{A7395351-38C7-44AB-86EF-0EE95D319CFC}"
EndProject
Project("{54435603-DBB4-11D2-8724-00A0C9A8B90C}") = "DaemonSetup", "DaemonSetup\DaemonSetup.vdproj", "{D0182009-3A22-43F8-B8E6-697975281A5D}"
EndProject
Global
	GlobalSection(SolutionConfigurationPlatforms) = preSolution
		Debug|Any CPU = Debug|Any CPU
		OOSDebug|Any CPU = OOSDebug|Any CPU
		Release|Any CPU = Release|Any CPU
	EndGlobalSection
	GlobalSection(ProjectConfigurationPlatforms) = postSolution
		{8A54028C-A19B-49E2-AE8A-98D4010F8370}.Debug|Any CPU.ActiveCfg = Debug|Any CPU
		{8A54028C-A19B-49E2-AE8A-98D4010F8370}.Debug|Any CPU.Build.0 = Debug|Any CPU
		{8A54028C-A19B-49E2-AE8A-98D4010F8370}.OOSDebug|Any CPU.ActiveCfg = OOSDebug|Any CPU
		{8A54028C-A19B-49E2-AE8A-98D4010F8370}.OOSDebug|Any CPU.Build.0 = OOSDebug|Any CPU
		{8A54028C-A19B-49E2-AE8A-98D4010F8370}.Release|Any CPU.ActiveCfg = Release|Any CPU
		{8A54028C-A19B-49E2-AE8A-98D4010F8370}.Release|Any CPU.Build.0 = Release|Any CPU
		{F627124E-E950-4A06-BA35-BADE392C1074}.Debug|Any CPU.ActiveCfg = Debug|Any CPU
		{F627124E-E950-4A06-BA35-BADE392C1074}.Debug|Any CPU.Build.0 = Debug|Any CPU
		{F627124E-E950-4A06-BA35-BADE392C1074}.OOSDebug|Any CPU.ActiveCfg = OOSDebug|Any CPU
		{F627124E-E950-4A06-BA35-BADE392C1074}.OOSDebug|Any CPU.Build.0 = OOSDebug|Any CPU
		{F627124E-E950-4A06-BA35-BADE392C1074}.Release|Any CPU.ActiveCfg = Release|Any CPU
		{F627124E-E950-4A06-BA35-BADE392C1074}.Release|Any CPU.Build.0 = Release|Any CPU
		{A7395351-38C7-44AB-86EF-0EE95D319CFC}.Debug|Any CPU.ActiveCfg = Debug|Any CPU
		{A7395351-38C7-44AB-86EF-0EE95D319CFC}.Debug|Any CPU.Build.0 = Debug|Any CPU
		{A7395351-38C7-44AB-86EF-0EE95D319CFC}.OOSDebug|Any CPU.ActiveCfg = OOSDebug|Any CPU
		{A7395351-38C7-44AB-86EF-0EE95D319CFC}.OOSDebug|Any CPU.Build.0 = OOSDebug|Any CPU
		{A7395351-38C7-44AB-86EF-0EE95D319CFC}.Release|Any CPU.ActiveCfg = Release|Any CPU
		{A7395351-38C7-44AB-86EF-0EE95D319CFC}.Release|Any CPU.Build.0 = Release|Any CPU
		{D0182009-3A22-43F8-B8E6-697975281A5D}.Debug|Any CPU.ActiveCfg = Debug
		{D0182009-3A22-43F8-B8E6-697975281A5D}.OOSDebug|Any CPU.ActiveCfg = OOSDebug
		{D0182009-3A22-43F8-B8E6-697975281A5D}.Release|Any CPU.ActiveCfg = Release
	EndGlobalSection
	GlobalSection(SolutionProperties) = preSolution
		HideSolutionNode = FALSE
	EndGlobalSection
	GlobalSection(ExtensibilityGlobals) = postSolution
		SolutionGuid = {0FD65E67-9490-4664-9069-AC291EC876C6}
	EndGlobalSection
EndGlobal
