
Microsoft Visual Studio Solution File, Format Version 12.00
# Visual Studio 15
VisualStudioVersion = 15.0.26730.8
MinimumVisualStudioVersion = 10.0.40219.1
Project("{FAE04EC0-301F-11D3-BF4B-00C04F79EFBC}") = "Shared", "Shared\Shared.csproj", "{F627124E-E950-4A06-BA35-BADE392C1074}"
EndProject
Project("{FAE04EC0-301F-11D3-BF4B-00C04F79EFBC}") = "Dev", "..\Dev\Dev\Dev.csproj", "{58CD9CFC-81C4-4A8F-9525-61D3583782CE}"
EndProject
Project("{FAE04EC0-301F-11D3-BF4B-00C04F79EFBC}") = "Tests", "..\Tests\Tests\Tests.csproj", "{D5BDF06D-0797-46DD-9D3B-BD245B2E5F49}"
EndProject
Global
	GlobalSection(SolutionConfigurationPlatforms) = preSolution
		Debug|Any CPU = Debug|Any CPU
		Release|Any CPU = Release|Any CPU
	EndGlobalSection
	GlobalSection(ProjectConfigurationPlatforms) = postSolution
		{F627124E-E950-4A06-BA35-BADE392C1074}.Debug|Any CPU.ActiveCfg = Debug|Any CPU
		{F627124E-E950-4A06-BA35-BADE392C1074}.Debug|Any CPU.Build.0 = Debug|Any CPU
		{F627124E-E950-4A06-BA35-BADE392C1074}.Release|Any CPU.ActiveCfg = Release|Any CPU
		{F627124E-E950-4A06-BA35-BADE392C1074}.Release|Any CPU.Build.0 = Release|Any CPU
		{58CD9CFC-81C4-4A8F-9525-61D3583782CE}.Debug|Any CPU.ActiveCfg = Debug|Any CPU
		{58CD9CFC-81C4-4A8F-9525-61D3583782CE}.Debug|Any CPU.Build.0 = Debug|Any CPU
		{58CD9CFC-81C4-4A8F-9525-61D3583782CE}.Release|Any CPU.ActiveCfg = Release|Any CPU
		{58CD9CFC-81C4-4A8F-9525-61D3583782CE}.Release|Any CPU.Build.0 = Release|Any CPU
		{D5BDF06D-0797-46DD-9D3B-BD245B2E5F49}.Debug|Any CPU.ActiveCfg = Debug|Any CPU
		{D5BDF06D-0797-46DD-9D3B-BD245B2E5F49}.Debug|Any CPU.Build.0 = Debug|Any CPU
		{D5BDF06D-0797-46DD-9D3B-BD245B2E5F49}.Release|Any CPU.ActiveCfg = Release|Any CPU
		{D5BDF06D-0797-46DD-9D3B-BD245B2E5F49}.Release|Any CPU.Build.0 = Release|Any CPU
	EndGlobalSection
	GlobalSection(SolutionProperties) = preSolution
		HideSolutionNode = FALSE
	EndGlobalSection
	GlobalSection(ExtensibilityGlobals) = postSolution
		SolutionGuid = {0FD65E67-9490-4664-9069-AC291EC876C6}
	EndGlobalSection
EndGlobal
