
Microsoft Visual Studio Solution File, Format Version 12.00
# Visual Studio 15
VisualStudioVersion = 15.0.26730.8
MinimumVisualStudioVersion = 10.0.40219.1
Project("{FAE04EC0-301F-11D3-BF4B-00C04F79EFBC}") = "Server", "Server\Server.csproj", "{0D611268-E2B6-43F7-8217-A8044E5FE826}"
EndProject
Project("{FAE04EC0-301F-11D3-BF4B-00C04F79EFBC}") = "Shared", "..\Shared\Shared\Shared.csproj", "{F627124E-E950-4A06-BA35-BADE392C1074}"
EndProject
Project("{54435603-DBB4-11D2-8724-00A0C9A8B90C}") = "WebSetup", "WebSetup\WebSetup.vdproj", "{46C85CFC-24C5-4CF3-93D5-FBF49B0B6F1E}"
EndProject
Project("{FAE04EC0-301F-11D3-BF4B-00C04F79EFBC}") = "Server_Setup_Bootstrap", "Server_Setup_Bootstrap\Server_Setup_Bootstrap.csproj", "{C034546A-F564-449B-BF71-A8EA14B1B038}"
EndProject
Global
	GlobalSection(SolutionConfigurationPlatforms) = preSolution
		Debug|Any CPU = Debug|Any CPU
		Debug|x64 = Debug|x64
		Debug|x86 = Debug|x86
		Release|Any CPU = Release|Any CPU
		Release|x64 = Release|x64
		Release|x86 = Release|x86
		x64|Any CPU = x64|Any CPU
		x64|x64 = x64|x64
		x64|x86 = x64|x86
		x86|Any CPU = x86|Any CPU
		x86|x64 = x86|x64
		x86|x86 = x86|x86
	EndGlobalSection
	GlobalSection(ProjectConfigurationPlatforms) = postSolution
		{0D611268-E2B6-43F7-8217-A8044E5FE826}.Debug|Any CPU.ActiveCfg = Debug|Any CPU
		{0D611268-E2B6-43F7-8217-A8044E5FE826}.Debug|Any CPU.Build.0 = Debug|Any CPU
		{0D611268-E2B6-43F7-8217-A8044E5FE826}.Debug|x64.ActiveCfg = Debug|x64
		{0D611268-E2B6-43F7-8217-A8044E5FE826}.Debug|x64.Build.0 = Debug|x64
		{0D611268-E2B6-43F7-8217-A8044E5FE826}.Debug|x86.ActiveCfg = Debug|x86
		{0D611268-E2B6-43F7-8217-A8044E5FE826}.Debug|x86.Build.0 = Debug|x86
		{0D611268-E2B6-43F7-8217-A8044E5FE826}.Release|Any CPU.ActiveCfg = Release|Any CPU
		{0D611268-E2B6-43F7-8217-A8044E5FE826}.Release|Any CPU.Build.0 = Release|Any CPU
		{0D611268-E2B6-43F7-8217-A8044E5FE826}.Release|x64.ActiveCfg = Release|x64
		{0D611268-E2B6-43F7-8217-A8044E5FE826}.Release|x64.Build.0 = Release|x64
		{0D611268-E2B6-43F7-8217-A8044E5FE826}.Release|x86.ActiveCfg = Release|x86
		{0D611268-E2B6-43F7-8217-A8044E5FE826}.Release|x86.Build.0 = Release|x86
		{0D611268-E2B6-43F7-8217-A8044E5FE826}.x64|Any CPU.ActiveCfg = 64|Any CPU
		{0D611268-E2B6-43F7-8217-A8044E5FE826}.x64|Any CPU.Build.0 = 64|Any CPU
		{0D611268-E2B6-43F7-8217-A8044E5FE826}.x64|x64.ActiveCfg = 64|x64
		{0D611268-E2B6-43F7-8217-A8044E5FE826}.x64|x64.Build.0 = 64|x64
		{0D611268-E2B6-43F7-8217-A8044E5FE826}.x64|x86.ActiveCfg = 64|x86
		{0D611268-E2B6-43F7-8217-A8044E5FE826}.x64|x86.Build.0 = 64|x86
		{0D611268-E2B6-43F7-8217-A8044E5FE826}.x86|Any CPU.ActiveCfg = x86|Any CPU
		{0D611268-E2B6-43F7-8217-A8044E5FE826}.x86|Any CPU.Build.0 = x86|Any CPU
		{0D611268-E2B6-43F7-8217-A8044E5FE826}.x86|x64.ActiveCfg = x86|x64
		{0D611268-E2B6-43F7-8217-A8044E5FE826}.x86|x64.Build.0 = x86|x64
		{0D611268-E2B6-43F7-8217-A8044E5FE826}.x86|x86.ActiveCfg = x86|x86
		{0D611268-E2B6-43F7-8217-A8044E5FE826}.x86|x86.Build.0 = x86|x86
		{F627124E-E950-4A06-BA35-BADE392C1074}.Debug|Any CPU.ActiveCfg = Debug|Any CPU
		{F627124E-E950-4A06-BA35-BADE392C1074}.Debug|Any CPU.Build.0 = Debug|Any CPU
		{F627124E-E950-4A06-BA35-BADE392C1074}.Debug|x64.ActiveCfg = Debug|x64
		{F627124E-E950-4A06-BA35-BADE392C1074}.Debug|x64.Build.0 = Debug|x64
		{F627124E-E950-4A06-BA35-BADE392C1074}.Debug|x86.ActiveCfg = Debug|x86
		{F627124E-E950-4A06-BA35-BADE392C1074}.Debug|x86.Build.0 = Debug|x86
		{F627124E-E950-4A06-BA35-BADE392C1074}.Release|Any CPU.ActiveCfg = Release|Any CPU
		{F627124E-E950-4A06-BA35-BADE392C1074}.Release|Any CPU.Build.0 = Release|Any CPU
		{F627124E-E950-4A06-BA35-BADE392C1074}.Release|x64.ActiveCfg = Release|x64
		{F627124E-E950-4A06-BA35-BADE392C1074}.Release|x64.Build.0 = Release|x64
		{F627124E-E950-4A06-BA35-BADE392C1074}.Release|x86.ActiveCfg = Release|x86
		{F627124E-E950-4A06-BA35-BADE392C1074}.Release|x86.Build.0 = Release|x86
		{F627124E-E950-4A06-BA35-BADE392C1074}.x64|Any CPU.ActiveCfg = 64|Any CPU
		{F627124E-E950-4A06-BA35-BADE392C1074}.x64|Any CPU.Build.0 = 64|Any CPU
		{F627124E-E950-4A06-BA35-BADE392C1074}.x64|x64.ActiveCfg = 64|x64
		{F627124E-E950-4A06-BA35-BADE392C1074}.x64|x64.Build.0 = 64|x64
		{F627124E-E950-4A06-BA35-BADE392C1074}.x64|x86.ActiveCfg = OOSDebug|x86
		{F627124E-E950-4A06-BA35-BADE392C1074}.x64|x86.Build.0 = 64|x86
		{F627124E-E950-4A06-BA35-BADE392C1074}.x86|Any CPU.ActiveCfg = x86|Any CPU
		{F627124E-E950-4A06-BA35-BADE392C1074}.x86|Any CPU.Build.0 = x86|Any CPU
		{F627124E-E950-4A06-BA35-BADE392C1074}.x86|x64.ActiveCfg = x86|x64
		{F627124E-E950-4A06-BA35-BADE392C1074}.x86|x64.Build.0 = x86|x64
		{F627124E-E950-4A06-BA35-BADE392C1074}.x86|x86.ActiveCfg = x86|x86
		{F627124E-E950-4A06-BA35-BADE392C1074}.x86|x86.Build.0 = x86|x86
		{46C85CFC-24C5-4CF3-93D5-FBF49B0B6F1E}.Debug|Any CPU.ActiveCfg = Debug
		{46C85CFC-24C5-4CF3-93D5-FBF49B0B6F1E}.Debug|Any CPU.Build.0 = Debug
		{46C85CFC-24C5-4CF3-93D5-FBF49B0B6F1E}.Debug|x64.ActiveCfg = Debug
		{46C85CFC-24C5-4CF3-93D5-FBF49B0B6F1E}.Debug|x64.Build.0 = Debug
		{46C85CFC-24C5-4CF3-93D5-FBF49B0B6F1E}.Debug|x86.ActiveCfg = Debug
		{46C85CFC-24C5-4CF3-93D5-FBF49B0B6F1E}.Debug|x86.Build.0 = Debug
		{46C85CFC-24C5-4CF3-93D5-FBF49B0B6F1E}.Release|Any CPU.ActiveCfg = Release
		{46C85CFC-24C5-4CF3-93D5-FBF49B0B6F1E}.Release|Any CPU.Build.0 = Release
		{46C85CFC-24C5-4CF3-93D5-FBF49B0B6F1E}.Release|x64.ActiveCfg = Release
		{46C85CFC-24C5-4CF3-93D5-FBF49B0B6F1E}.Release|x64.Build.0 = Release
		{46C85CFC-24C5-4CF3-93D5-FBF49B0B6F1E}.Release|x86.ActiveCfg = Release
		{46C85CFC-24C5-4CF3-93D5-FBF49B0B6F1E}.Release|x86.Build.0 = Release
		{46C85CFC-24C5-4CF3-93D5-FBF49B0B6F1E}.x64|Any CPU.ActiveCfg = 64
		{46C85CFC-24C5-4CF3-93D5-FBF49B0B6F1E}.x64|Any CPU.Build.0 = 64
		{46C85CFC-24C5-4CF3-93D5-FBF49B0B6F1E}.x64|x64.ActiveCfg = 64
		{46C85CFC-24C5-4CF3-93D5-FBF49B0B6F1E}.x64|x64.Build.0 = 64
		{46C85CFC-24C5-4CF3-93D5-FBF49B0B6F1E}.x64|x86.ActiveCfg = 64
		{46C85CFC-24C5-4CF3-93D5-FBF49B0B6F1E}.x64|x86.Build.0 = 64
		{46C85CFC-24C5-4CF3-93D5-FBF49B0B6F1E}.x86|Any CPU.ActiveCfg = x86
		{46C85CFC-24C5-4CF3-93D5-FBF49B0B6F1E}.x86|Any CPU.Build.0 = x86
		{46C85CFC-24C5-4CF3-93D5-FBF49B0B6F1E}.x86|x64.ActiveCfg = x86
		{46C85CFC-24C5-4CF3-93D5-FBF49B0B6F1E}.x86|x64.Build.0 = x86
		{46C85CFC-24C5-4CF3-93D5-FBF49B0B6F1E}.x86|x86.ActiveCfg = x86
		{46C85CFC-24C5-4CF3-93D5-FBF49B0B6F1E}.x86|x86.Build.0 = x86
		{C034546A-F564-449B-BF71-A8EA14B1B038}.Debug|Any CPU.ActiveCfg = Debug|Any CPU
		{C034546A-F564-449B-BF71-A8EA14B1B038}.Debug|Any CPU.Build.0 = Debug|Any CPU
		{C034546A-F564-449B-BF71-A8EA14B1B038}.Debug|x64.ActiveCfg = Debug|x64
		{C034546A-F564-449B-BF71-A8EA14B1B038}.Debug|x64.Build.0 = Debug|x64
		{C034546A-F564-449B-BF71-A8EA14B1B038}.Debug|x86.ActiveCfg = Debug|x86
		{C034546A-F564-449B-BF71-A8EA14B1B038}.Debug|x86.Build.0 = Debug|x86
		{C034546A-F564-449B-BF71-A8EA14B1B038}.Release|Any CPU.ActiveCfg = Release|Any CPU
		{C034546A-F564-449B-BF71-A8EA14B1B038}.Release|Any CPU.Build.0 = Release|Any CPU
		{C034546A-F564-449B-BF71-A8EA14B1B038}.Release|x64.ActiveCfg = Release|x64
		{C034546A-F564-449B-BF71-A8EA14B1B038}.Release|x64.Build.0 = Release|x64
		{C034546A-F564-449B-BF71-A8EA14B1B038}.Release|x86.ActiveCfg = Release|x86
		{C034546A-F564-449B-BF71-A8EA14B1B038}.Release|x86.Build.0 = Release|x86
		{C034546A-F564-449B-BF71-A8EA14B1B038}.x64|Any CPU.ActiveCfg = 64|Any CPU
		{C034546A-F564-449B-BF71-A8EA14B1B038}.x64|Any CPU.Build.0 = 64|Any CPU
		{C034546A-F564-449B-BF71-A8EA14B1B038}.x64|x64.ActiveCfg = 64|x64
		{C034546A-F564-449B-BF71-A8EA14B1B038}.x64|x64.Build.0 = 64|x64
		{C034546A-F564-449B-BF71-A8EA14B1B038}.x64|x86.ActiveCfg = 64|x86
		{C034546A-F564-449B-BF71-A8EA14B1B038}.x64|x86.Build.0 = 64|x86
		{C034546A-F564-449B-BF71-A8EA14B1B038}.x86|Any CPU.ActiveCfg = x86|Any CPU
		{C034546A-F564-449B-BF71-A8EA14B1B038}.x86|Any CPU.Build.0 = x86|Any CPU
		{C034546A-F564-449B-BF71-A8EA14B1B038}.x86|x64.ActiveCfg = x86|x64
		{C034546A-F564-449B-BF71-A8EA14B1B038}.x86|x64.Build.0 = x86|x64
		{C034546A-F564-449B-BF71-A8EA14B1B038}.x86|x86.ActiveCfg = x86|x86
		{C034546A-F564-449B-BF71-A8EA14B1B038}.x86|x86.Build.0 = x86|x86
	EndGlobalSection
	GlobalSection(SolutionProperties) = preSolution
		HideSolutionNode = FALSE
	EndGlobalSection
	GlobalSection(ExtensibilityGlobals) = postSolution
		SolutionGuid = {0FD65E67-9490-4664-9069-AC291EC876C6}
	EndGlobalSection
EndGlobal
