
Microsoft Visual Studio Solution File, Format Version 12.00
# Visual Studio 15
VisualStudioVersion = 15.0.26730.8
MinimumVisualStudioVersion = 10.0.40219.1
Project("{FAE04EC0-301F-11D3-BF4B-00C04F79EFBC}") = "Tests", "Tests\Tests.csproj", "{D5BDF06D-0797-46DD-9D3B-BD245B2E5F49}"
EndProject
Project("{FAE04EC0-301F-11D3-BF4B-00C04F79EFBC}") = "Shared", "..\Shared\Shared\Shared.csproj", "{F627124E-E950-4A06-BA35-BADE392C1074}"
EndProject
Project("{FAE04EC0-301F-11D3-BF4B-00C04F79EFBC}") = "Dev", "..\Dev\Dev\Dev.csproj", "{58CD9CFC-81C4-4A8F-9525-61D3583782CE}"
EndProject
Project("{FAE04EC0-301F-11D3-BF4B-00C04F79EFBC}") = "Daemon", "..\Daemon\Daemon\Daemon.csproj", "{8A54028C-A19B-49E2-AE8A-98D4010F8370}"
EndProject
Global
	GlobalSection(SolutionConfigurationPlatforms) = preSolution
		Debug|Any CPU = Debug|Any CPU
		Debug|x64 = Debug|x64
		Debug|x86 = Debug|x86
		OOSDebug|Any CPU = OOSDebug|Any CPU
		OOSDebug|x64 = OOSDebug|x64
		OOSDebug|x86 = OOSDebug|x86
		Release|Any CPU = Release|Any CPU
		Release|x64 = Release|x64
		Release|x86 = Release|x86
	EndGlobalSection
	GlobalSection(ProjectConfigurationPlatforms) = postSolution
		{D5BDF06D-0797-46DD-9D3B-BD245B2E5F49}.Debug|Any CPU.ActiveCfg = Debug|Any CPU
		{D5BDF06D-0797-46DD-9D3B-BD245B2E5F49}.Debug|Any CPU.Build.0 = Debug|Any CPU
		{D5BDF06D-0797-46DD-9D3B-BD245B2E5F49}.Debug|x64.ActiveCfg = Debug|Any CPU
		{D5BDF06D-0797-46DD-9D3B-BD245B2E5F49}.Debug|x64.Build.0 = Debug|Any CPU
		{D5BDF06D-0797-46DD-9D3B-BD245B2E5F49}.Debug|x86.ActiveCfg = Debug|Any CPU
		{D5BDF06D-0797-46DD-9D3B-BD245B2E5F49}.Debug|x86.Build.0 = Debug|Any CPU
		{D5BDF06D-0797-46DD-9D3B-BD245B2E5F49}.OOSDebug|Any CPU.ActiveCfg = Debug|Any CPU
		{D5BDF06D-0797-46DD-9D3B-BD245B2E5F49}.OOSDebug|Any CPU.Build.0 = Debug|Any CPU
		{D5BDF06D-0797-46DD-9D3B-BD245B2E5F49}.OOSDebug|x64.ActiveCfg = Debug|Any CPU
		{D5BDF06D-0797-46DD-9D3B-BD245B2E5F49}.OOSDebug|x64.Build.0 = Debug|Any CPU
		{D5BDF06D-0797-46DD-9D3B-BD245B2E5F49}.OOSDebug|x86.ActiveCfg = Debug|Any CPU
		{D5BDF06D-0797-46DD-9D3B-BD245B2E5F49}.OOSDebug|x86.Build.0 = Debug|Any CPU
		{D5BDF06D-0797-46DD-9D3B-BD245B2E5F49}.Release|Any CPU.ActiveCfg = Release|Any CPU
		{D5BDF06D-0797-46DD-9D3B-BD245B2E5F49}.Release|Any CPU.Build.0 = Release|Any CPU
		{D5BDF06D-0797-46DD-9D3B-BD245B2E5F49}.Release|x64.ActiveCfg = Release|Any CPU
		{D5BDF06D-0797-46DD-9D3B-BD245B2E5F49}.Release|x64.Build.0 = Release|Any CPU
		{D5BDF06D-0797-46DD-9D3B-BD245B2E5F49}.Release|x86.ActiveCfg = Release|Any CPU
		{D5BDF06D-0797-46DD-9D3B-BD245B2E5F49}.Release|x86.Build.0 = Release|Any CPU
		{F627124E-E950-4A06-BA35-BADE392C1074}.Debug|Any CPU.ActiveCfg = Debug|Any CPU
		{F627124E-E950-4A06-BA35-BADE392C1074}.Debug|Any CPU.Build.0 = Debug|Any CPU
		{F627124E-E950-4A06-BA35-BADE392C1074}.Debug|x64.ActiveCfg = Debug|x64
		{F627124E-E950-4A06-BA35-BADE392C1074}.Debug|x64.Build.0 = Debug|x64
		{F627124E-E950-4A06-BA35-BADE392C1074}.Debug|x86.ActiveCfg = Debug|x86
		{F627124E-E950-4A06-BA35-BADE392C1074}.Debug|x86.Build.0 = Debug|x86
		{F627124E-E950-4A06-BA35-BADE392C1074}.OOSDebug|Any CPU.ActiveCfg = OOSDebug|Any CPU
		{F627124E-E950-4A06-BA35-BADE392C1074}.OOSDebug|Any CPU.Build.0 = OOSDebug|Any CPU
		{F627124E-E950-4A06-BA35-BADE392C1074}.OOSDebug|x64.ActiveCfg = OOSDebug|x64
		{F627124E-E950-4A06-BA35-BADE392C1074}.OOSDebug|x64.Build.0 = OOSDebug|x64
		{F627124E-E950-4A06-BA35-BADE392C1074}.OOSDebug|x86.ActiveCfg = OOSDebug|x86
		{F627124E-E950-4A06-BA35-BADE392C1074}.OOSDebug|x86.Build.0 = OOSDebug|x86
		{F627124E-E950-4A06-BA35-BADE392C1074}.Release|Any CPU.ActiveCfg = Release|Any CPU
		{F627124E-E950-4A06-BA35-BADE392C1074}.Release|Any CPU.Build.0 = Release|Any CPU
		{F627124E-E950-4A06-BA35-BADE392C1074}.Release|x64.ActiveCfg = Release|x64
		{F627124E-E950-4A06-BA35-BADE392C1074}.Release|x64.Build.0 = Release|x64
		{F627124E-E950-4A06-BA35-BADE392C1074}.Release|x86.ActiveCfg = Release|x86
		{F627124E-E950-4A06-BA35-BADE392C1074}.Release|x86.Build.0 = Release|x86
		{58CD9CFC-81C4-4A8F-9525-61D3583782CE}.Debug|Any CPU.ActiveCfg = Debug|Any CPU
		{58CD9CFC-81C4-4A8F-9525-61D3583782CE}.Debug|Any CPU.Build.0 = Debug|Any CPU
		{58CD9CFC-81C4-4A8F-9525-61D3583782CE}.Debug|x64.ActiveCfg = Debug|Any CPU
		{58CD9CFC-81C4-4A8F-9525-61D3583782CE}.Debug|x64.Build.0 = Debug|Any CPU
		{58CD9CFC-81C4-4A8F-9525-61D3583782CE}.Debug|x86.ActiveCfg = Debug|Any CPU
		{58CD9CFC-81C4-4A8F-9525-61D3583782CE}.Debug|x86.Build.0 = Debug|Any CPU
		{58CD9CFC-81C4-4A8F-9525-61D3583782CE}.OOSDebug|Any CPU.ActiveCfg = Debug|Any CPU
		{58CD9CFC-81C4-4A8F-9525-61D3583782CE}.OOSDebug|Any CPU.Build.0 = Debug|Any CPU
		{58CD9CFC-81C4-4A8F-9525-61D3583782CE}.OOSDebug|x64.ActiveCfg = Debug|Any CPU
		{58CD9CFC-81C4-4A8F-9525-61D3583782CE}.OOSDebug|x64.Build.0 = Debug|Any CPU
		{58CD9CFC-81C4-4A8F-9525-61D3583782CE}.OOSDebug|x86.ActiveCfg = Debug|Any CPU
		{58CD9CFC-81C4-4A8F-9525-61D3583782CE}.OOSDebug|x86.Build.0 = Debug|Any CPU
		{58CD9CFC-81C4-4A8F-9525-61D3583782CE}.Release|Any CPU.ActiveCfg = Release|Any CPU
		{58CD9CFC-81C4-4A8F-9525-61D3583782CE}.Release|Any CPU.Build.0 = Release|Any CPU
		{58CD9CFC-81C4-4A8F-9525-61D3583782CE}.Release|x64.ActiveCfg = Release|Any CPU
		{58CD9CFC-81C4-4A8F-9525-61D3583782CE}.Release|x64.Build.0 = Release|Any CPU
		{58CD9CFC-81C4-4A8F-9525-61D3583782CE}.Release|x86.ActiveCfg = Release|Any CPU
		{58CD9CFC-81C4-4A8F-9525-61D3583782CE}.Release|x86.Build.0 = Release|Any CPU
		{8A54028C-A19B-49E2-AE8A-98D4010F8370}.Debug|Any CPU.ActiveCfg = Debug|Any CPU
		{8A54028C-A19B-49E2-AE8A-98D4010F8370}.Debug|Any CPU.Build.0 = Debug|Any CPU
		{8A54028C-A19B-49E2-AE8A-98D4010F8370}.Debug|x64.ActiveCfg = Debug|x64
		{8A54028C-A19B-49E2-AE8A-98D4010F8370}.Debug|x64.Build.0 = Debug|x64
		{8A54028C-A19B-49E2-AE8A-98D4010F8370}.Debug|x86.ActiveCfg = Debug|x86
		{8A54028C-A19B-49E2-AE8A-98D4010F8370}.Debug|x86.Build.0 = Debug|x86
		{8A54028C-A19B-49E2-AE8A-98D4010F8370}.OOSDebug|Any CPU.ActiveCfg = OOSDebug|Any CPU
		{8A54028C-A19B-49E2-AE8A-98D4010F8370}.OOSDebug|Any CPU.Build.0 = OOSDebug|Any CPU
		{8A54028C-A19B-49E2-AE8A-98D4010F8370}.OOSDebug|x64.ActiveCfg = OOSDebug|x64
		{8A54028C-A19B-49E2-AE8A-98D4010F8370}.OOSDebug|x64.Build.0 = OOSDebug|x64
		{8A54028C-A19B-49E2-AE8A-98D4010F8370}.OOSDebug|x86.ActiveCfg = OOSDebug|x86
		{8A54028C-A19B-49E2-AE8A-98D4010F8370}.OOSDebug|x86.Build.0 = OOSDebug|x86
		{8A54028C-A19B-49E2-AE8A-98D4010F8370}.Release|Any CPU.ActiveCfg = Release|Any CPU
		{8A54028C-A19B-49E2-AE8A-98D4010F8370}.Release|Any CPU.Build.0 = Release|Any CPU
		{8A54028C-A19B-49E2-AE8A-98D4010F8370}.Release|x64.ActiveCfg = Release|x64
		{8A54028C-A19B-49E2-AE8A-98D4010F8370}.Release|x64.Build.0 = Release|x64
		{8A54028C-A19B-49E2-AE8A-98D4010F8370}.Release|x86.ActiveCfg = Release|x86
		{8A54028C-A19B-49E2-AE8A-98D4010F8370}.Release|x86.Build.0 = Release|x86
	EndGlobalSection
	GlobalSection(SolutionProperties) = preSolution
		HideSolutionNode = FALSE
	EndGlobalSection
	GlobalSection(ExtensibilityGlobals) = postSolution
		SolutionGuid = {0FD65E67-9490-4664-9069-AC291EC876C6}
	EndGlobalSection
EndGlobal
